<Solution>
  <Folder Name="/SolutionItems/">
    <File Path=".editorconfig" />
    <File Path="Directory.Packages.props" />
  </Folder>
  <Folder Name="/Src/">
    <Project Path="Src/BikeBuilder.API/BikeBuilder.API.csproj" />
    <Project Path="Src/BikeBuilder.API.Chat/BikeBuilder.API.Chat.csproj" />
    <Project Path="Src/BikeBuilder.API.Orders/BikeBuilder.API.Orders.csproj" />
    <Project Path="Src/BikeBuilder.API.Notifications/BikeBuilder.API.Notifications.csproj" />
    <Project Path="Src/BikeBuilder.API.Ratings/BikeBuilder.API.Ratings.csproj" />
    <Project Path="Src/BikeBuilder.AppHost/BikeBuilder.AppHost.csproj" />
    <Project Path="Src/BikeBuilder.Contracts/BikeBuilder.Contracts.csproj" />
    <Project Path="Src/BikeBuilder.DataSeeder/BikeBuilder.DataSeeder.csproj" />
    <Project Path="Src/BikeBuilder.Gateway/BikeBuilder.Gateway.csproj" />
    <Project Path="Src/BikeBuilder.MCP/BikeBuilder.MCP.csproj" />
    <Project Path="Src/BikeBuilder.MobileApp/BikeBuilder.MobileApp.csproj" />
    <Project Path="Src/BikeBuilder.ServiceDefaults/BikeBuilder.ServiceDefaults.csproj" />
    <Project Path="Src/BikeBuilder.Test.Integration/BikeBuilder.Test.Integration.csproj" />
    <Project Path="Src/BikeBuilder.Web.Public/BikeBuilder.Web.Public.csproj" />
    <Project Path="Src/BikeBuilder.Web.Public.Client/BikeBuilder.Web.Public.Client.csproj" />
    <Project Path="Src/BikeBuilder.Web.Public.Shared/BikeBuilder.Web.Public.Shared.csproj" />
    <Project Path="Src/BikeBuilder.Web.Admin/BikeBuilder.Web.Admin.csproj" />
  </Folder>
</Solution>
